// !$*UTF8*$!
{
	archiveVersion = 1;
	classes = {
	};
	objectVersion = 56;
	objects = {

/* Begin PBXBuildFile section */
		C732B90229DE1D220042B318 /* HotProspects.swift in Sources */ = {isa = PBXBuildFile; fileRef = C732B90129DE1D220042B318 /* HotProspects.swift */; };
		C732B90429DF36890042B318 /* ProspectsView.swift in Sources */ = {isa = PBXBuildFile; fileRef = C732B90329DF36890042B318 /* ProspectsView.swift */; };
		C732B90629DF368E0042B318 /* MeView.swift in Sources */ = {isa = PBXBuildFile; fileRef = C732B90529DF368E0042B318 /* MeView.swift */; };
		C732B90829DF387C0042B318 /* Prospect.swift in Sources */ = {isa = PBXBuildFile; fileRef = C732B90729DF387C0042B318 /* Prospect.swift */; };
		C73BBFAF29C8E76A002C6A86 /* SwiftySwiftApp.swift in Sources */ = {isa = PBXBuildFile; fileRef = C73BBFAE29C8E76A002C6A86 /* SwiftySwiftApp.swift */; };
		C73BBFB329C8E76C002C6A86 /* Assets.xcassets in Resources */ = {isa = PBXBuildFile; fileRef = C73BBFB229C8E76C002C6A86 /* Assets.xcassets */; };
		C73BBFB629C8E76C002C6A86 /* Preview Assets.xcassets in Resources */ = {isa = PBXBuildFile; fileRef = C73BBFB529C8E76C002C6A86 /* Preview Assets.xcassets */; };
		C73BBFCA29C8E76D002C6A86 /* SwiftySwiftUITests.swift in Sources */ = {isa = PBXBuildFile; fileRef = C73BBFC929C8E76D002C6A86 /* SwiftySwiftUITests.swift */; };
		C73BBFCC29C8E76D002C6A86 /* SwiftySwiftUITestsLaunchTests.swift in Sources */ = {isa = PBXBuildFile; fileRef = C73BBFCB29C8E76D002C6A86 /* SwiftySwiftUITestsLaunchTests.swift */; };
		C77991BC29E0867100216411 /* LayoutAndGeometry.swift in Sources */ = {isa = PBXBuildFile; fileRef = C77991BB29E0867100216411 /* LayoutAndGeometry.swift */; };
		C77991BF29E1064000216411 /* SnowSeeker.swift in Sources */ = {isa = PBXBuildFile; fileRef = C77991BE29E1064000216411 /* SnowSeeker.swift */; };
		C77991C129E1065100216411 /* resorts.json in Resources */ = {isa = PBXBuildFile; fileRef = C77991C029E1065100216411 /* resorts.json */; };
		C77991C329E106A300216411 /* Resort.swift in Sources */ = {isa = PBXBuildFile; fileRef = C77991C229E106A300216411 /* Resort.swift */; };
		C77991C529E10A0C00216411 /* WelcomeView.swift in Sources */ = {isa = PBXBuildFile; fileRef = C77991C429E10A0C00216411 /* WelcomeView.swift */; };
		C77991C729E10BC100216411 /* ResortView.swift in Sources */ = {isa = PBXBuildFile; fileRef = C77991C629E10BC100216411 /* ResortView.swift */; };
		C77991C929E10C2400216411 /* SkiDetailsView.swift in Sources */ = {isa = PBXBuildFile; fileRef = C77991C829E10C2400216411 /* SkiDetailsView.swift */; };
		C77991CB29E10C6C00216411 /* ResortDetailsView.swift in Sources */ = {isa = PBXBuildFile; fileRef = C77991CA29E10C6C00216411 /* ResortDetailsView.swift */; };
		C77991CD29E10EF700216411 /* Facility.swift in Sources */ = {isa = PBXBuildFile; fileRef = C77991CC29E10EF600216411 /* Facility.swift */; };
		C77991CF29E1103400216411 /* Favorites.swift in Sources */ = {isa = PBXBuildFile; fileRef = C77991CE29E1103400216411 /* Favorites.swift */; };
		C77991D729E1FB4C00216411 /* BetterRestUITests.swift in Sources */ = {isa = PBXBuildFile; fileRef = C77991D629E1FB4C00216411 /* BetterRestUITests.swift */; };
		C77991DA29E20BB900216411 /* SampleUIView.swift in Sources */ = {isa = PBXBuildFile; fileRef = C77991D929E20BB900216411 /* SampleUIView.swift */; };
		C77991EF29E21EC800216411 /* SwiftySwiftUnitTests.swift in Sources */ = {isa = PBXBuildFile; fileRef = C77991EE29E21EC800216411 /* SwiftySwiftUnitTests.swift */; };
		C77991F729E21EED00216411 /* ViewInspector in Frameworks */ = {isa = PBXBuildFile; productRef = C77991F629E21EED00216411 /* ViewInspector */; };
		C77991F829E2239400216411 /* SampleUIView.swift in Sources */ = {isa = PBXBuildFile; fileRef = C77991D929E20BB900216411 /* SampleUIView.swift */; };
		C77991F929E2239400216411 /* SampleUIView.swift in Sources */ = {isa = PBXBuildFile; fileRef = C77991D929E20BB900216411 /* SampleUIView.swift */; };
		C77991FE29E2290800216411 /* SampleUIViewTests.swift in Sources */ = {isa = PBXBuildFile; fileRef = C77991FD29E2290800216411 /* SampleUIViewTests.swift */; };
		C78D5A0529D66253005DE528 /* ExpenseItem.swift in Sources */ = {isa = PBXBuildFile; fileRef = C78D5A0429D66253005DE528 /* ExpenseItem.swift */; };
		C78D5A0729D6629C005DE528 /* Expenses.swift in Sources */ = {isa = PBXBuildFile; fileRef = C78D5A0629D6629C005DE528 /* Expenses.swift */; };
		C78D5A0A29D66698005DE528 /* AddView.swift in Sources */ = {isa = PBXBuildFile; fileRef = C78D5A0929D66698005DE528 /* AddView.swift */; };
		C78D5A0D29D67F40005DE528 /* Moonshot.swift in Sources */ = {isa = PBXBuildFile; fileRef = C78D5A0C29D67F40005DE528 /* Moonshot.swift */; };
		C7AE553F29D7399E00D5F5A1 /* astronauts.json in Resources */ = {isa = PBXBuildFile; fileRef = C7AE553D29D7399E00D5F5A1 /* astronauts.json */; };
		C7AE554029D7399E00D5F5A1 /* missions.json in Resources */ = {isa = PBXBuildFile; fileRef = C7AE553E29D7399E00D5F5A1 /* missions.json */; };
		C7AE554229D73A2500D5F5A1 /* Astronaut.swift in Sources */ = {isa = PBXBuildFile; fileRef = C7AE554129D73A2500D5F5A1 /* Astronaut.swift */; };
		C7AE554429D73A9D00D5F5A1 /* Bundle-Decodable.swift in Sources */ = {isa = PBXBuildFile; fileRef = C7AE554329D73A9D00D5F5A1 /* Bundle-Decodable.swift */; };
		C7AE554629D73DFA00D5F5A1 /* Mission.swift in Sources */ = {isa = PBXBuildFile; fileRef = C7AE554529D73DFA00D5F5A1 /* Mission.swift */; };
		C7AE554829D7442C00D5F5A1 /* Color-Theme.swift in Sources */ = {isa = PBXBuildFile; fileRef = C7AE554729D7442C00D5F5A1 /* Color-Theme.swift */; };
		C7AE554A29D74E8300D5F5A1 /* MissionView.swift in Sources */ = {isa = PBXBuildFile; fileRef = C7AE554929D74E8300D5F5A1 /* MissionView.swift */; };
		C7AE554C29D756F800D5F5A1 /* AstronautView.swift in Sources */ = {isa = PBXBuildFile; fileRef = C7AE554B29D756F800D5F5A1 /* AstronautView.swift */; };
		C7AE554F29D778FF00D5F5A1 /* CupcakeCorner.swift in Sources */ = {isa = PBXBuildFile; fileRef = C7AE554E29D778FF00D5F5A1 /* CupcakeCorner.swift */; };
		C7AE555129D8A5E300D5F5A1 /* Order.swift in Sources */ = {isa = PBXBuildFile; fileRef = C7AE555029D8A5E300D5F5A1 /* Order.swift */; };
		C7AE555329D907EA00D5F5A1 /* AddressView.swift in Sources */ = {isa = PBXBuildFile; fileRef = C7AE555229D907EA00D5F5A1 /* AddressView.swift */; };
		C7AE555529D9089400D5F5A1 /* CheckoutView.swift in Sources */ = {isa = PBXBuildFile; fileRef = C7AE555429D9089400D5F5A1 /* CheckoutView.swift */; };
		C7AE555829D9292F00D5F5A1 /* Bookworm.swift in Sources */ = {isa = PBXBuildFile; fileRef = C7AE555729D9292F00D5F5A1 /* Bookworm.swift */; };
		C7AE555B29D9BBB800D5F5A1 /* Bookworm.xcdatamodeld in Sources */ = {isa = PBXBuildFile; fileRef = C7AE555929D9BBB800D5F5A1 /* Bookworm.xcdatamodeld */; };
		C7AE555D29D9BC1200D5F5A1 /* DataController.swift in Sources */ = {isa = PBXBuildFile; fileRef = C7AE555C29D9BC1200D5F5A1 /* DataController.swift */; };
		C7AE555F29D9C19A00D5F5A1 /* AddBookView.swift in Sources */ = {isa = PBXBuildFile; fileRef = C7AE555E29D9C19A00D5F5A1 /* AddBookView.swift */; };
		C7AE556129D9C83E00D5F5A1 /* RatingView.swift in Sources */ = {isa = PBXBuildFile; fileRef = C7AE556029D9C83E00D5F5A1 /* RatingView.swift */; };
		C7AE556329D9E38F00D5F5A1 /* EmojiRatingView.swift in Sources */ = {isa = PBXBuildFile; fileRef = C7AE556229D9E38F00D5F5A1 /* EmojiRatingView.swift */; };
		C7AE556529D9E60A00D5F5A1 /* DetailView.swift in Sources */ = {isa = PBXBuildFile; fileRef = C7AE556429D9E60A00D5F5A1 /* DetailView.swift */; };
		C7AE556929DA608200D5F5A1 /* Movie+CoreDataClass.swift in Sources */ = {isa = PBXBuildFile; fileRef = C7AE556729DA608200D5F5A1 /* Movie+CoreDataClass.swift */; };
		C7AE556A29DA608200D5F5A1 /* Movie+CoreDataProperties.swift in Sources */ = {isa = PBXBuildFile; fileRef = C7AE556829DA608200D5F5A1 /* Movie+CoreDataProperties.swift */; };
		C7AE556D29DA6DAB00D5F5A1 /* Singer+CoreDataClass.swift in Sources */ = {isa = PBXBuildFile; fileRef = C7AE556B29DA6DAB00D5F5A1 /* Singer+CoreDataClass.swift */; };
		C7AE556E29DA6DAB00D5F5A1 /* Singer+CoreDataProperties.swift in Sources */ = {isa = PBXBuildFile; fileRef = C7AE556C29DA6DAB00D5F5A1 /* Singer+CoreDataProperties.swift */; };
		C7AE557229DA6E5B00D5F5A1 /* FilteredList.swift in Sources */ = {isa = PBXBuildFile; fileRef = C7AE557129DA6E5B00D5F5A1 /* FilteredList.swift */; };
		C7AE557729DA73BC00D5F5A1 /* Country+CoreDataClass.swift in Sources */ = {isa = PBXBuildFile; fileRef = C7AE557329DA73BC00D5F5A1 /* Country+CoreDataClass.swift */; };
		C7AE557829DA73BC00D5F5A1 /* Country+CoreDataProperties.swift in Sources */ = {isa = PBXBuildFile; fileRef = C7AE557429DA73BC00D5F5A1 /* Country+CoreDataProperties.swift */; };
		C7AE557929DA73BC00D5F5A1 /* Candy+CoreDataClass.swift in Sources */ = {isa = PBXBuildFile; fileRef = C7AE557529DA73BC00D5F5A1 /* Candy+CoreDataClass.swift */; };
		C7AE557A29DA73BC00D5F5A1 /* Candy+CoreDataProperties.swift in Sources */ = {isa = PBXBuildFile; fileRef = C7AE557629DA73BC00D5F5A1 /* Candy+CoreDataProperties.swift */; };
		C7AE558129DA7D9400D5F5A1 /* Instafilter.swift in Sources */ = {isa = PBXBuildFile; fileRef = C7AE558029DA7D9400D5F5A1 /* Instafilter.swift */; };
		C7AE558329DB490300D5F5A1 /* ImagePicker.swift in Sources */ = {isa = PBXBuildFile; fileRef = C7AE558229DB490300D5F5A1 /* ImagePicker.swift */; };
		C7AE558529DB741300D5F5A1 /* ImageSaver.swift in Sources */ = {isa = PBXBuildFile; fileRef = C7AE558429DB741300D5F5A1 /* ImageSaver.swift */; };
		C7AE558929DB8C4400D5F5A1 /* BucketList.swift in Sources */ = {isa = PBXBuildFile; fileRef = C7AE558829DB8C4400D5F5A1 /* BucketList.swift */; };
		C7AE558B29DBD0A100D5F5A1 /* Location.swift in Sources */ = {isa = PBXBuildFile; fileRef = C7AE558A29DBD0A100D5F5A1 /* Location.swift */; };
		C7AE558F29DBD26200D5F5A1 /* EditView.swift in Sources */ = {isa = PBXBuildFile; fileRef = C7AE558E29DBD26200D5F5A1 /* EditView.swift */; };
		C7AE559129DBD4CF00D5F5A1 /* Result.swift in Sources */ = {isa = PBXBuildFile; fileRef = C7AE559029DBD4CE00D5F5A1 /* Result.swift */; };
		C7AE559329DBD61100D5F5A1 /* BucketList-ViewModel.swift in Sources */ = {isa = PBXBuildFile; fileRef = C7AE559229DBD61100D5F5A1 /* BucketList-ViewModel.swift */; };
		C7AE559529DBD77300D5F5A1 /* FileManager-DocumentsDirectory.swift in Sources */ = {isa = PBXBuildFile; fileRef = C7AE559429DBD77300D5F5A1 /* FileManager-DocumentsDirectory.swift */; };
		C7AF157529DFA71F000FE195 /* CodeScanner in Frameworks */ = {isa = PBXBuildFile; productRef = C7AF157429DFA71F000FE195 /* CodeScanner */; };
		C7AF157829DFC362000FE195 /* Flashzilla.swift in Sources */ = {isa = PBXBuildFile; fileRef = C7AF157729DFC362000FE195 /* Flashzilla.swift */; };
		C7AF157A29E06A44000FE195 /* Card.swift in Sources */ = {isa = PBXBuildFile; fileRef = C7AF157929E06A44000FE195 /* Card.swift */; };
		C7AF157C29E06A5D000FE195 /* CardView.swift in Sources */ = {isa = PBXBuildFile; fileRef = C7AF157B29E06A5D000FE195 /* CardView.swift */; };
		C7AF157E29E0750F000FE195 /* EditCards.swift in Sources */ = {isa = PBXBuildFile; fileRef = C7AF157D29E0750F000FE195 /* EditCards.swift */; };
		C7FEB62329D366C70033DA2B /* WeSplit.swift in Sources */ = {isa = PBXBuildFile; fileRef = C7FEB62229D366C70033DA2B /* WeSplit.swift */; };
		C7FEB62529D367980033DA2B /* GuessTheFlag.swift in Sources */ = {isa = PBXBuildFile; fileRef = C7FEB62429D367980033DA2B /* GuessTheFlag.swift */; };
		C7FEB62729D3805C0033DA2B /* PracticeUI.swift in Sources */ = {isa = PBXBuildFile; fileRef = C7FEB62629D3805C0033DA2B /* PracticeUI.swift */; };
		C7FEB62929D390C80033DA2B /* ViewsAndModifiers.swift in Sources */ = {isa = PBXBuildFile; fileRef = C7FEB62829D390C80033DA2B /* ViewsAndModifiers.swift */; };
		C7FEB62B29D4904F0033DA2B /* BetterRest.swift in Sources */ = {isa = PBXBuildFile; fileRef = C7FEB62A29D4904F0033DA2B /* BetterRest.swift */; };
		C7FEB63129D4A03E0033DA2B /* WordScramble.swift in Sources */ = {isa = PBXBuildFile; fileRef = C7FEB63029D4A03E0033DA2B /* WordScramble.swift */; };
		C7FEB63529D4B1650033DA2B /* start.txt in Resources */ = {isa = PBXBuildFile; fileRef = C7FEB63429D4B1650033DA2B /* start.txt */; };
		C7FEB63829D4B1860033DA2B /* SleepCalculator.mlmodel in Sources */ = {isa = PBXBuildFile; fileRef = C7FEB63629D4B1860033DA2B /* SleepCalculator.mlmodel */; };
		C7FEB63929D4B1860033DA2B /* BetterRest.csv in Resources */ = {isa = PBXBuildFile; fileRef = C7FEB63729D4B1860033DA2B /* BetterRest.csv */; };
		C7FEB63B29D4D6390033DA2B /* Animations.swift in Sources */ = {isa = PBXBuildFile; fileRef = C7FEB63A29D4D6390033DA2B /* Animations.swift */; };
		C7FEB63F29D4D9F10033DA2B /* iExpense.swift in Sources */ = {isa = PBXBuildFile; fileRef = C7FEB63E29D4D9F10033DA2B /* iExpense.swift */; };
/* End PBXBuildFile section */

/* Begin PBXContainerItemProxy section */
		C73BBFC629C8E76D002C6A86 /* PBXContainerItemProxy */ = {
			isa = PBXContainerItemProxy;
			containerPortal = C73BBFA329C8E76A002C6A86 /* Project object */;
			proxyType = 1;
			remoteGlobalIDString = C73BBFAA29C8E76A002C6A86;
			remoteInfo = SwiftySwift;
		};
		C77991F029E21EC800216411 /* PBXContainerItemProxy */ = {
			isa = PBXContainerItemProxy;
			containerPortal = C73BBFA329C8E76A002C6A86 /* Project object */;
			proxyType = 1;
			remoteGlobalIDString = C73BBFAA29C8E76A002C6A86;
			remoteInfo = SwiftySwift;
		};
/* End PBXContainerItemProxy section */

/* Begin PBXFileReference section */
		C732B90129DE1D220042B318 /* HotProspects.swift */ = {isa = PBXFileReference; lastKnownFileType = sourcecode.swift; path = HotProspects.swift; sourceTree = "<group>"; };
		C732B90329DF36890042B318 /* ProspectsView.swift */ = {isa = PBXFileReference; lastKnownFileType = sourcecode.swift; path = ProspectsView.swift; sourceTree = "<group>"; };
		C732B90529DF368E0042B318 /* MeView.swift */ = {isa = PBXFileReference; lastKnownFileType = sourcecode.swift; path = MeView.swift; sourceTree = "<group>"; };
		C732B90729DF387C0042B318 /* Prospect.swift */ = {isa = PBXFileReference; lastKnownFileType = sourcecode.swift; path = Prospect.swift; sourceTree = "<group>"; };
		C73BBFAB29C8E76A002C6A86 /* SwiftySwift.app */ = {isa = PBXFileReference; explicitFileType = wrapper.application; includeInIndex = 0; path = SwiftySwift.app; sourceTree = BUILT_PRODUCTS_DIR; };
		C73BBFAE29C8E76A002C6A86 /* SwiftySwiftApp.swift */ = {isa = PBXFileReference; lastKnownFileType = sourcecode.swift; path = SwiftySwiftApp.swift; sourceTree = "<group>"; };
		C73BBFB229C8E76C002C6A86 /* Assets.xcassets */ = {isa = PBXFileReference; lastKnownFileType = folder.assetcatalog; path = Assets.xcassets; sourceTree = "<group>"; };
		C73BBFB529C8E76C002C6A86 /* Preview Assets.xcassets */ = {isa = PBXFileReference; lastKnownFileType = folder.assetcatalog; path = "Preview Assets.xcassets"; sourceTree = "<group>"; };
		C73BBFC529C8E76D002C6A86 /* SwiftySwiftUITests.xctest */ = {isa = PBXFileReference; explicitFileType = wrapper.cfbundle; includeInIndex = 0; path = SwiftySwiftUITests.xctest; sourceTree = BUILT_PRODUCTS_DIR; };
		C73BBFC929C8E76D002C6A86 /* SwiftySwiftUITests.swift */ = {isa = PBXFileReference; lastKnownFileType = sourcecode.swift; path = SwiftySwiftUITests.swift; sourceTree = "<group>"; };
		C73BBFCB29C8E76D002C6A86 /* SwiftySwiftUITestsLaunchTests.swift */ = {isa = PBXFileReference; lastKnownFileType = sourcecode.swift; path = SwiftySwiftUITestsLaunchTests.swift; sourceTree = "<group>"; };
		C73BBFD829C8E9CF002C6A86 /* day-1-2.playground */ = {isa = PBXFileReference; lastKnownFileType = file.playground; path = "day-1-2.playground"; sourceTree = "<group>"; xcLanguageSpecificationIdentifier = xcode.lang.swift; };
		C77991BB29E0867100216411 /* LayoutAndGeometry.swift */ = {isa = PBXFileReference; lastKnownFileType = sourcecode.swift; path = LayoutAndGeometry.swift; sourceTree = "<group>"; };
		C77991BE29E1064000216411 /* SnowSeeker.swift */ = {isa = PBXFileReference; lastKnownFileType = sourcecode.swift; path = SnowSeeker.swift; sourceTree = "<group>"; };
		C77991C029E1065100216411 /* resorts.json */ = {isa = PBXFileReference; fileEncoding = 4; lastKnownFileType = text.json; path = resorts.json; sourceTree = "<group>"; };
		C77991C229E106A300216411 /* Resort.swift */ = {isa = PBXFileReference; lastKnownFileType = sourcecode.swift; path = Resort.swift; sourceTree = "<group>"; };
		C77991C429E10A0C00216411 /* WelcomeView.swift */ = {isa = PBXFileReference; lastKnownFileType = sourcecode.swift; path = WelcomeView.swift; sourceTree = "<group>"; };
		C77991C629E10BC100216411 /* ResortView.swift */ = {isa = PBXFileReference; lastKnownFileType = sourcecode.swift; path = ResortView.swift; sourceTree = "<group>"; };
		C77991C829E10C2400216411 /* SkiDetailsView.swift */ = {isa = PBXFileReference; lastKnownFileType = sourcecode.swift; path = SkiDetailsView.swift; sourceTree = "<group>"; };
		C77991CA29E10C6C00216411 /* ResortDetailsView.swift */ = {isa = PBXFileReference; lastKnownFileType = sourcecode.swift; path = ResortDetailsView.swift; sourceTree = "<group>"; };
		C77991CC29E10EF600216411 /* Facility.swift */ = {isa = PBXFileReference; lastKnownFileType = sourcecode.swift; path = Facility.swift; sourceTree = "<group>"; };
		C77991CE29E1103400216411 /* Favorites.swift */ = {isa = PBXFileReference; lastKnownFileType = sourcecode.swift; path = Favorites.swift; sourceTree = "<group>"; };
		C77991D629E1FB4C00216411 /* BetterRestUITests.swift */ = {isa = PBXFileReference; lastKnownFileType = sourcecode.swift; path = BetterRestUITests.swift; sourceTree = "<group>"; };
		C77991D929E20BB900216411 /* SampleUIView.swift */ = {isa = PBXFileReference; lastKnownFileType = sourcecode.swift; path = SampleUIView.swift; sourceTree = "<group>"; };
		C77991EC29E21EC800216411 /* SwiftySwiftUnitTests.xctest */ = {isa = PBXFileReference; explicitFileType = wrapper.cfbundle; includeInIndex = 0; path = SwiftySwiftUnitTests.xctest; sourceTree = BUILT_PRODUCTS_DIR; };
		C77991EE29E21EC800216411 /* SwiftySwiftUnitTests.swift */ = {isa = PBXFileReference; lastKnownFileType = sourcecode.swift; path = SwiftySwiftUnitTests.swift; sourceTree = "<group>"; };
		C77991FD29E2290800216411 /* SampleUIViewTests.swift */ = {isa = PBXFileReference; fileEncoding = 4; lastKnownFileType = sourcecode.swift; name = SampleUIViewTests.swift; path = SwiftySwiftUnitTests/SampleUIViewTests.swift; sourceTree = SOURCE_ROOT; };
		C78D5A0429D66253005DE528 /* ExpenseItem.swift */ = {isa = PBXFileReference; lastKnownFileType = sourcecode.swift; path = ExpenseItem.swift; sourceTree = "<group>"; };
		C78D5A0629D6629C005DE528 /* Expenses.swift */ = {isa = PBXFileReference; lastKnownFileType = sourcecode.swift; path = Expenses.swift; sourceTree = "<group>"; };
		C78D5A0929D66698005DE528 /* AddView.swift */ = {isa = PBXFileReference; lastKnownFileType = sourcecode.swift; path = AddView.swift; sourceTree = "<group>"; };
		C78D5A0C29D67F40005DE528 /* Moonshot.swift */ = {isa = PBXFileReference; lastKnownFileType = sourcecode.swift; path = Moonshot.swift; sourceTree = "<group>"; };
		C7AE553D29D7399E00D5F5A1 /* astronauts.json */ = {isa = PBXFileReference; fileEncoding = 4; lastKnownFileType = text.json; path = astronauts.json; sourceTree = "<group>"; };
		C7AE553E29D7399E00D5F5A1 /* missions.json */ = {isa = PBXFileReference; fileEncoding = 4; lastKnownFileType = text.json; path = missions.json; sourceTree = "<group>"; };
		C7AE554129D73A2500D5F5A1 /* Astronaut.swift */ = {isa = PBXFileReference; lastKnownFileType = sourcecode.swift; path = Astronaut.swift; sourceTree = "<group>"; };
		C7AE554329D73A9D00D5F5A1 /* Bundle-Decodable.swift */ = {isa = PBXFileReference; lastKnownFileType = sourcecode.swift; path = "Bundle-Decodable.swift"; sourceTree = "<group>"; };
		C7AE554529D73DFA00D5F5A1 /* Mission.swift */ = {isa = PBXFileReference; lastKnownFileType = sourcecode.swift; path = Mission.swift; sourceTree = "<group>"; };
		C7AE554729D7442C00D5F5A1 /* Color-Theme.swift */ = {isa = PBXFileReference; lastKnownFileType = sourcecode.swift; path = "Color-Theme.swift"; sourceTree = "<group>"; };
		C7AE554929D74E8300D5F5A1 /* MissionView.swift */ = {isa = PBXFileReference; lastKnownFileType = sourcecode.swift; path = MissionView.swift; sourceTree = "<group>"; };
		C7AE554B29D756F800D5F5A1 /* AstronautView.swift */ = {isa = PBXFileReference; lastKnownFileType = sourcecode.swift; path = AstronautView.swift; sourceTree = "<group>"; };
		C7AE554E29D778FF00D5F5A1 /* CupcakeCorner.swift */ = {isa = PBXFileReference; lastKnownFileType = sourcecode.swift; path = CupcakeCorner.swift; sourceTree = "<group>"; };
		C7AE555029D8A5E300D5F5A1 /* Order.swift */ = {isa = PBXFileReference; lastKnownFileType = sourcecode.swift; path = Order.swift; sourceTree = "<group>"; };
		C7AE555229D907EA00D5F5A1 /* AddressView.swift */ = {isa = PBXFileReference; lastKnownFileType = sourcecode.swift; path = AddressView.swift; sourceTree = "<group>"; };
		C7AE555429D9089400D5F5A1 /* CheckoutView.swift */ = {isa = PBXFileReference; lastKnownFileType = sourcecode.swift; path = CheckoutView.swift; sourceTree = "<group>"; };
		C7AE555729D9292F00D5F5A1 /* Bookworm.swift */ = {isa = PBXFileReference; lastKnownFileType = sourcecode.swift; path = Bookworm.swift; sourceTree = "<group>"; };
		C7AE555A29D9BBB800D5F5A1 /* Bookworm.xcdatamodel */ = {isa = PBXFileReference; lastKnownFileType = wrapper.xcdatamodel; path = Bookworm.xcdatamodel; sourceTree = "<group>"; };
		C7AE555C29D9BC1200D5F5A1 /* DataController.swift */ = {isa = PBXFileReference; lastKnownFileType = sourcecode.swift; path = DataController.swift; sourceTree = "<group>"; };
		C7AE555E29D9C19A00D5F5A1 /* AddBookView.swift */ = {isa = PBXFileReference; lastKnownFileType = sourcecode.swift; path = AddBookView.swift; sourceTree = "<group>"; };
		C7AE556029D9C83E00D5F5A1 /* RatingView.swift */ = {isa = PBXFileReference; lastKnownFileType = sourcecode.swift; path = RatingView.swift; sourceTree = "<group>"; };
		C7AE556229D9E38F00D5F5A1 /* EmojiRatingView.swift */ = {isa = PBXFileReference; lastKnownFileType = sourcecode.swift; path = EmojiRatingView.swift; sourceTree = "<group>"; };
		C7AE556429D9E60A00D5F5A1 /* DetailView.swift */ = {isa = PBXFileReference; lastKnownFileType = sourcecode.swift; path = DetailView.swift; sourceTree = "<group>"; };
		C7AE556729DA608200D5F5A1 /* Movie+CoreDataClass.swift */ = {isa = PBXFileReference; lastKnownFileType = sourcecode.swift; path = "Movie+CoreDataClass.swift"; sourceTree = "<group>"; };
		C7AE556829DA608200D5F5A1 /* Movie+CoreDataProperties.swift */ = {isa = PBXFileReference; lastKnownFileType = sourcecode.swift; path = "Movie+CoreDataProperties.swift"; sourceTree = "<group>"; };
		C7AE556B29DA6DAB00D5F5A1 /* Singer+CoreDataClass.swift */ = {isa = PBXFileReference; lastKnownFileType = sourcecode.swift; path = "Singer+CoreDataClass.swift"; sourceTree = "<group>"; };
		C7AE556C29DA6DAB00D5F5A1 /* Singer+CoreDataProperties.swift */ = {isa = PBXFileReference; lastKnownFileType = sourcecode.swift; path = "Singer+CoreDataProperties.swift"; sourceTree = "<group>"; };
		C7AE557129DA6E5B00D5F5A1 /* FilteredList.swift */ = {isa = PBXFileReference; lastKnownFileType = sourcecode.swift; path = FilteredList.swift; sourceTree = "<group>"; };
		C7AE557329DA73BC00D5F5A1 /* Country+CoreDataClass.swift */ = {isa = PBXFileReference; lastKnownFileType = sourcecode.swift; path = "Country+CoreDataClass.swift"; sourceTree = "<group>"; };
		C7AE557429DA73BC00D5F5A1 /* Country+CoreDataProperties.swift */ = {isa = PBXFileReference; lastKnownFileType = sourcecode.swift; path = "Country+CoreDataProperties.swift"; sourceTree = "<group>"; };
		C7AE557529DA73BC00D5F5A1 /* Candy+CoreDataClass.swift */ = {isa = PBXFileReference; lastKnownFileType = sourcecode.swift; path = "Candy+CoreDataClass.swift"; sourceTree = "<group>"; };
		C7AE557629DA73BC00D5F5A1 /* Candy+CoreDataProperties.swift */ = {isa = PBXFileReference; lastKnownFileType = sourcecode.swift; path = "Candy+CoreDataProperties.swift"; sourceTree = "<group>"; };
		C7AE558029DA7D9400D5F5A1 /* Instafilter.swift */ = {isa = PBXFileReference; lastKnownFileType = sourcecode.swift; path = Instafilter.swift; sourceTree = "<group>"; };
		C7AE558229DB490300D5F5A1 /* ImagePicker.swift */ = {isa = PBXFileReference; lastKnownFileType = sourcecode.swift; path = ImagePicker.swift; sourceTree = "<group>"; };
		C7AE558429DB741300D5F5A1 /* ImageSaver.swift */ = {isa = PBXFileReference; lastKnownFileType = sourcecode.swift; path = ImageSaver.swift; sourceTree = "<group>"; };
		C7AE558629DB75A400D5F5A1 /* Info.plist */ = {isa = PBXFileReference; lastKnownFileType = text.plist; path = Info.plist; sourceTree = "<group>"; };
		C7AE558829DB8C4400D5F5A1 /* BucketList.swift */ = {isa = PBXFileReference; lastKnownFileType = sourcecode.swift; path = BucketList.swift; sourceTree = "<group>"; };
		C7AE558A29DBD0A100D5F5A1 /* Location.swift */ = {isa = PBXFileReference; lastKnownFileType = sourcecode.swift; path = Location.swift; sourceTree = "<group>"; };
		C7AE558E29DBD26200D5F5A1 /* EditView.swift */ = {isa = PBXFileReference; lastKnownFileType = sourcecode.swift; path = EditView.swift; sourceTree = "<group>"; };
		C7AE559029DBD4CE00D5F5A1 /* Result.swift */ = {isa = PBXFileReference; lastKnownFileType = sourcecode.swift; path = Result.swift; sourceTree = "<group>"; };
		C7AE559229DBD61100D5F5A1 /* BucketList-ViewModel.swift */ = {isa = PBXFileReference; lastKnownFileType = sourcecode.swift; path = "BucketList-ViewModel.swift"; sourceTree = "<group>"; };
		C7AE559429DBD77300D5F5A1 /* FileManager-DocumentsDirectory.swift */ = {isa = PBXFileReference; lastKnownFileType = sourcecode.swift; path = "FileManager-DocumentsDirectory.swift"; sourceTree = "<group>"; };
		C7AF157729DFC362000FE195 /* Flashzilla.swift */ = {isa = PBXFileReference; lastKnownFileType = sourcecode.swift; path = Flashzilla.swift; sourceTree = "<group>"; };
		C7AF157929E06A44000FE195 /* Card.swift */ = {isa = PBXFileReference; lastKnownFileType = sourcecode.swift; path = Card.swift; sourceTree = "<group>"; };
		C7AF157B29E06A5D000FE195 /* CardView.swift */ = {isa = PBXFileReference; lastKnownFileType = sourcecode.swift; path = CardView.swift; sourceTree = "<group>"; };
		C7AF157D29E0750F000FE195 /* EditCards.swift */ = {isa = PBXFileReference; lastKnownFileType = sourcecode.swift; path = EditCards.swift; sourceTree = "<group>"; };
		C7D443D329CA3D1300ADC9F3 /* day-4-5-6.playground */ = {isa = PBXFileReference; lastKnownFileType = file.playground; path = "day-4-5-6.playground"; sourceTree = "<group>"; xcLanguageSpecificationIdentifier = xcode.lang.swift; };
		C7D443D429CBA76200ADC9F3 /* day-7-8-9.playground */ = {isa = PBXFileReference; lastKnownFileType = file.playground; path = "day-7-8-9.playground"; sourceTree = "<group>"; xcLanguageSpecificationIdentifier = xcode.lang.swift; };
		C7FEB5E829CCE4550033DA2B /* day-10-11-12.playground */ = {isa = PBXFileReference; lastKnownFileType = file.playground; path = "day-10-11-12.playground"; sourceTree = "<group>"; xcLanguageSpecificationIdentifier = xcode.lang.swift; };
		C7FEB5E929D139480033DA2B /* day-13-14.playground */ = {isa = PBXFileReference; lastKnownFileType = file.playground; path = "day-13-14.playground"; sourceTree = "<group>"; xcLanguageSpecificationIdentifier = xcode.lang.swift; };
		C7FEB62229D366C70033DA2B /* WeSplit.swift */ = {isa = PBXFileReference; lastKnownFileType = sourcecode.swift; path = WeSplit.swift; sourceTree = "<group>"; };
		C7FEB62429D367980033DA2B /* GuessTheFlag.swift */ = {isa = PBXFileReference; lastKnownFileType = sourcecode.swift; path = GuessTheFlag.swift; sourceTree = "<group>"; };
		C7FEB62629D3805C0033DA2B /* PracticeUI.swift */ = {isa = PBXFileReference; lastKnownFileType = sourcecode.swift; path = PracticeUI.swift; sourceTree = "<group>"; };
		C7FEB62829D390C80033DA2B /* ViewsAndModifiers.swift */ = {isa = PBXFileReference; lastKnownFileType = sourcecode.swift; path = ViewsAndModifiers.swift; sourceTree = "<group>"; };
		C7FEB62A29D4904F0033DA2B /* BetterRest.swift */ = {isa = PBXFileReference; lastKnownFileType = sourcecode.swift; path = BetterRest.swift; sourceTree = "<group>"; };
		C7FEB63029D4A03E0033DA2B /* WordScramble.swift */ = {isa = PBXFileReference; lastKnownFileType = sourcecode.swift; path = WordScramble.swift; sourceTree = "<group>"; };
		C7FEB63429D4B1650033DA2B /* start.txt */ = {isa = PBXFileReference; fileEncoding = 4; lastKnownFileType = text; path = start.txt; sourceTree = "<group>"; };
		C7FEB63629D4B1860033DA2B /* SleepCalculator.mlmodel */ = {isa = PBXFileReference; lastKnownFileType = file.mlmodel; path = SleepCalculator.mlmodel; sourceTree = "<group>"; };
		C7FEB63729D4B1860033DA2B /* BetterRest.csv */ = {isa = PBXFileReference; fileEncoding = 4; lastKnownFileType = text; path = BetterRest.csv; sourceTree = "<group>"; };
		C7FEB63A29D4D6390033DA2B /* Animations.swift */ = {isa = PBXFileReference; lastKnownFileType = sourcecode.swift; path = Animations.swift; sourceTree = "<group>"; };
		C7FEB63E29D4D9F10033DA2B /* iExpense.swift */ = {isa = PBXFileReference; lastKnownFileType = sourcecode.swift; path = iExpense.swift; sourceTree = "<group>"; };
/* End PBXFileReference section */

/* Begin PBXFrameworksBuildPhase section */
		C73BBFA829C8E76A002C6A86 /* Frameworks */ = {
			isa = PBXFrameworksBuildPhase;
			buildActionMask = 2147483647;
			files = (
				C7AF157529DFA71F000FE195 /* CodeScanner in Frameworks */,
			);
			runOnlyForDeploymentPostprocessing = 0;
		};
		C73BBFC229C8E76D002C6A86 /* Frameworks */ = {
			isa = PBXFrameworksBuildPhase;
			buildActionMask = 2147483647;
			files = (
			);
			runOnlyForDeploymentPostprocessing = 0;
		};
		C77991E929E21EC800216411 /* Frameworks */ = {
			isa = PBXFrameworksBuildPhase;
			buildActionMask = 2147483647;
			files = (
				C77991F729E21EED00216411 /* ViewInspector in Frameworks */,
			);
			runOnlyForDeploymentPostprocessing = 0;
		};
/* End PBXFrameworksBuildPhase section */

/* Begin PBXGroup section */
		C732B90029DE1D110042B318 /* HotProspects */ = {
			isa = PBXGroup;
			children = (
				C732B90129DE1D220042B318 /* HotProspects.swift */,
				C732B90329DF36890042B318 /* ProspectsView.swift */,
				C732B90729DF387C0042B318 /* Prospect.swift */,
				C732B90529DF368E0042B318 /* MeView.swift */,
			);
			name = HotProspects;
			sourceTree = "<group>";
		};
		C73BBFA229C8E76A002C6A86 = {
			isa = PBXGroup;
			children = (
				C73BBFAD29C8E76A002C6A86 /* SwiftySwift */,
				C73BBFC829C8E76D002C6A86 /* SwiftySwiftUITests */,
				C77991ED29E21EC800216411 /* SwiftySwiftUnitTests */,
				C73BBFAC29C8E76A002C6A86 /* Products */,
			);
			sourceTree = "<group>";
		};
		C73BBFAC29C8E76A002C6A86 /* Products */ = {
			isa = PBXGroup;
			children = (
				C73BBFAB29C8E76A002C6A86 /* SwiftySwift.app */,
				C73BBFC529C8E76D002C6A86 /* SwiftySwiftUITests.xctest */,
				C77991EC29E21EC800216411 /* SwiftySwiftUnitTests.xctest */,
			);
			name = Products;
			sourceTree = "<group>";
		};
		C73BBFAD29C8E76A002C6A86 /* SwiftySwift */ = {
			isa = PBXGroup;
			children = (
				C77991D829E20B9300216411 /* MVVM */,
				C77991BD29E1062C00216411 /* SnowSeeker */,
				C77991BA29E0866400216411 /* LayoutAndGeometry */,
				C7AF157629DFC354000FE195 /* Flashzilla */,
				C732B90029DE1D110042B318 /* HotProspects */,
				C7AE558729DB8C3800D5F5A1 /* BucketList */,
				C7AE557F29DA7D8200D5F5A1 /* Instafilter */,
				C7AE556629DA5F7700D5F5A1 /* Bookworm_CoreData */,
				C7AE555629D9289A00D5F5A1 /* Bookworm */,
				C7AE554D29D778EA00D5F5A1 /* CupcakeCorner */,
				C78D5A0B29D67F1E005DE528 /* Moonshot */,
				C78D5A0829D662E1005DE528 /* iExpense */,
				C77991D529E1DF0000216411 /* Animations */,
				C77991D429E1DEF100216411 /* WordScramble */,
				C77991D329E1DED700216411 /* BetterRest */,
				C77991D229E1DECE00216411 /* ViewsAndModifiers */,
				C77991D129E1DEAD00216411 /* GuessTheFlag */,
				C77991D029E1DEA600216411 /* WeSplit */,
				C7FEB63C29D4D9B40033DA2B /* Playgrounds */,
				C73BBFAE29C8E76A002C6A86 /* SwiftySwiftApp.swift */,
				C7FEB62629D3805C0033DA2B /* PracticeUI.swift */,
				C73BBFB229C8E76C002C6A86 /* Assets.xcassets */,
				C7AE558629DB75A400D5F5A1 /* Info.plist */,
				C73BBFB429C8E76C002C6A86 /* Preview Content */,
			);
			path = SwiftySwift;
			sourceTree = "<group>";
		};
		C73BBFB429C8E76C002C6A86 /* Preview Content */ = {
			isa = PBXGroup;
			children = (
				C73BBFB529C8E76C002C6A86 /* Preview Assets.xcassets */,
			);
			path = "Preview Content";
			sourceTree = "<group>";
		};
		C73BBFC829C8E76D002C6A86 /* SwiftySwiftUITests */ = {
			isa = PBXGroup;
			children = (
				C73BBFC929C8E76D002C6A86 /* SwiftySwiftUITests.swift */,
				C77991D629E1FB4C00216411 /* BetterRestUITests.swift */,
				C73BBFCB29C8E76D002C6A86 /* SwiftySwiftUITestsLaunchTests.swift */,
			);
			path = SwiftySwiftUITests;
			sourceTree = "<group>";
		};
		C77991BA29E0866400216411 /* LayoutAndGeometry */ = {
			isa = PBXGroup;
			children = (
				C77991BB29E0867100216411 /* LayoutAndGeometry.swift */,
			);
			name = LayoutAndGeometry;
			sourceTree = "<group>";
		};
		C77991BD29E1062C00216411 /* SnowSeeker */ = {
			isa = PBXGroup;
			children = (
				C77991C029E1065100216411 /* resorts.json */,
				C77991C229E106A300216411 /* Resort.swift */,
				C77991BE29E1064000216411 /* SnowSeeker.swift */,
				C77991C829E10C2400216411 /* SkiDetailsView.swift */,
				C77991CA29E10C6C00216411 /* ResortDetailsView.swift */,
				C77991C629E10BC100216411 /* ResortView.swift */,
				C77991CC29E10EF600216411 /* Facility.swift */,
				C77991CE29E1103400216411 /* Favorites.swift */,
				C77991C429E10A0C00216411 /* WelcomeView.swift */,
			);
			name = SnowSeeker;
			sourceTree = "<group>";
		};
		C77991D029E1DEA600216411 /* WeSplit */ = {
			isa = PBXGroup;
			children = (
				C7FEB62229D366C70033DA2B /* WeSplit.swift */,
			);
			name = WeSplit;
			sourceTree = "<group>";
		};
		C77991D129E1DEAD00216411 /* GuessTheFlag */ = {
			isa = PBXGroup;
			children = (
				C7FEB62429D367980033DA2B /* GuessTheFlag.swift */,
			);
			name = GuessTheFlag;
			sourceTree = "<group>";
		};
		C77991D229E1DECE00216411 /* ViewsAndModifiers */ = {
			isa = PBXGroup;
			children = (
				C7FEB62829D390C80033DA2B /* ViewsAndModifiers.swift */,
			);
			name = ViewsAndModifiers;
			sourceTree = "<group>";
		};
		C77991D329E1DED700216411 /* BetterRest */ = {
			isa = PBXGroup;
			children = (
				C7FEB63629D4B1860033DA2B /* SleepCalculator.mlmodel */,
				C7FEB63729D4B1860033DA2B /* BetterRest.csv */,
				C7FEB62A29D4904F0033DA2B /* BetterRest.swift */,
			);
			name = BetterRest;
			sourceTree = "<group>";
		};
		C77991D429E1DEF100216411 /* WordScramble */ = {
			isa = PBXGroup;
			children = (
				C7FEB63429D4B1650033DA2B /* start.txt */,
				C7FEB63029D4A03E0033DA2B /* WordScramble.swift */,
			);
			name = WordScramble;
			sourceTree = "<group>";
		};
		C77991D529E1DF0000216411 /* Animations */ = {
			isa = PBXGroup;
			children = (
				C7FEB63A29D4D6390033DA2B /* Animations.swift */,
			);
			name = Animations;
			sourceTree = "<group>";
		};
		C77991D829E20B9300216411 /* MVVM */ = {
			isa = PBXGroup;
			children = (
				C77991D929E20BB900216411 /* SampleUIView.swift */,
				C77991FD29E2290800216411 /* SampleUIViewTests.swift */,
			);
			name = MVVM;
			sourceTree = "<group>";
		};
		C77991ED29E21EC800216411 /* SwiftySwiftUnitTests */ = {
			isa = PBXGroup;
			children = (
				C77991EE29E21EC800216411 /* SwiftySwiftUnitTests.swift */,
			);
			path = SwiftySwiftUnitTests;
			sourceTree = "<group>";
		};
		C78D5A0829D662E1005DE528 /* iExpense */ = {
			isa = PBXGroup;
			children = (
				C7FEB63E29D4D9F10033DA2B /* iExpense.swift */,
				C78D5A0929D66698005DE528 /* AddView.swift */,
				C78D5A0429D66253005DE528 /* ExpenseItem.swift */,
				C78D5A0629D6629C005DE528 /* Expenses.swift */,
			);
			name = iExpense;
			sourceTree = "<group>";
		};
		C78D5A0B29D67F1E005DE528 /* Moonshot */ = {
			isa = PBXGroup;
			children = (
				C7AE553D29D7399E00D5F5A1 /* astronauts.json */,
				C7AE553E29D7399E00D5F5A1 /* missions.json */,
				C78D5A0C29D67F40005DE528 /* Moonshot.swift */,
				C7AE554929D74E8300D5F5A1 /* MissionView.swift */,
				C7AE554B29D756F800D5F5A1 /* AstronautView.swift */,
				C7AE554129D73A2500D5F5A1 /* Astronaut.swift */,
				C7AE554729D7442C00D5F5A1 /* Color-Theme.swift */,
				C7AE554529D73DFA00D5F5A1 /* Mission.swift */,
				C7AE554329D73A9D00D5F5A1 /* Bundle-Decodable.swift */,
			);
			name = Moonshot;
			sourceTree = "<group>";
		};
		C7AE554D29D778EA00D5F5A1 /* CupcakeCorner */ = {
			isa = PBXGroup;
			children = (
				C7AE554E29D778FF00D5F5A1 /* CupcakeCorner.swift */,
				C7AE555429D9089400D5F5A1 /* CheckoutView.swift */,
				C7AE555229D907EA00D5F5A1 /* AddressView.swift */,
				C7AE555029D8A5E300D5F5A1 /* Order.swift */,
			);
			name = CupcakeCorner;
			sourceTree = "<group>";
		};
		C7AE555629D9289A00D5F5A1 /* Bookworm */ = {
			isa = PBXGroup;
			children = (
				C7AE555729D9292F00D5F5A1 /* Bookworm.swift */,
				C7AE556029D9C83E00D5F5A1 /* RatingView.swift */,
				C7AE556429D9E60A00D5F5A1 /* DetailView.swift */,
				C7AE555929D9BBB800D5F5A1 /* Bookworm.xcdatamodeld */,
				C7AE555C29D9BC1200D5F5A1 /* DataController.swift */,
				C7AE555E29D9C19A00D5F5A1 /* AddBookView.swift */,
				C7AE556229D9E38F00D5F5A1 /* EmojiRatingView.swift */,
			);
			name = Bookworm;
			sourceTree = "<group>";
		};
		C7AE556629DA5F7700D5F5A1 /* Bookworm_CoreData */ = {
			isa = PBXGroup;
			children = (
				C7AE557329DA73BC00D5F5A1 /* Country+CoreDataClass.swift */,
				C7AE557429DA73BC00D5F5A1 /* Country+CoreDataProperties.swift */,
				C7AE557529DA73BC00D5F5A1 /* Candy+CoreDataClass.swift */,
				C7AE557629DA73BC00D5F5A1 /* Candy+CoreDataProperties.swift */,
				C7AE556B29DA6DAB00D5F5A1 /* Singer+CoreDataClass.swift */,
				C7AE556C29DA6DAB00D5F5A1 /* Singer+CoreDataProperties.swift */,
				C7AE556729DA608200D5F5A1 /* Movie+CoreDataClass.swift */,
				C7AE556829DA608200D5F5A1 /* Movie+CoreDataProperties.swift */,
				C7AE557129DA6E5B00D5F5A1 /* FilteredList.swift */,
			);
			name = Bookworm_CoreData;
			sourceTree = "<group>";
		};
		C7AE557F29DA7D8200D5F5A1 /* Instafilter */ = {
			isa = PBXGroup;
			children = (
				C7AE558029DA7D9400D5F5A1 /* Instafilter.swift */,
				C7AE558429DB741300D5F5A1 /* ImageSaver.swift */,
				C7AE558229DB490300D5F5A1 /* ImagePicker.swift */,
			);
			name = Instafilter;
			sourceTree = "<group>";
		};
		C7AE558729DB8C3800D5F5A1 /* BucketList */ = {
			isa = PBXGroup;
			children = (
				C7AE559229DBD61100D5F5A1 /* BucketList-ViewModel.swift */,
				C7AE559429DBD77300D5F5A1 /* FileManager-DocumentsDirectory.swift */,
				C7AE558829DB8C4400D5F5A1 /* BucketList.swift */,
				C7AE559029DBD4CE00D5F5A1 /* Result.swift */,
				C7AE558E29DBD26200D5F5A1 /* EditView.swift */,
				C7AE558A29DBD0A100D5F5A1 /* Location.swift */,
			);
			name = BucketList;
			sourceTree = "<group>";
		};
		C7AF157629DFC354000FE195 /* Flashzilla */ = {
			isa = PBXGroup;
			children = (
				C7AF157729DFC362000FE195 /* Flashzilla.swift */,
				C7AF157929E06A44000FE195 /* Card.swift */,
				C7AF157B29E06A5D000FE195 /* CardView.swift */,
				C7AF157D29E0750F000FE195 /* EditCards.swift */,
			);
			name = Flashzilla;
			sourceTree = "<group>";
		};
		C7FEB63C29D4D9B40033DA2B /* Playgrounds */ = {
			isa = PBXGroup;
			children = (
				C7FEB5E929D139480033DA2B /* day-13-14.playground */,
				C7FEB5E829CCE4550033DA2B /* day-10-11-12.playground */,
				C7D443D429CBA76200ADC9F3 /* day-7-8-9.playground */,
				C7D443D329CA3D1300ADC9F3 /* day-4-5-6.playground */,
				C73BBFD829C8E9CF002C6A86 /* day-1-2.playground */,
			);
			name = Playgrounds;
			sourceTree = "<group>";
		};
/* End PBXGroup section */

/* Begin PBXNativeTarget section */
		C73BBFAA29C8E76A002C6A86 /* SwiftySwift */ = {
			isa = PBXNativeTarget;
			buildConfigurationList = C73BBFCF29C8E76D002C6A86 /* Build configuration list for PBXNativeTarget "SwiftySwift" */;
			buildPhases = (
				C732B8FE29DCD9930042B318 /* ShellScript */,
				C73BBFA729C8E76A002C6A86 /* Sources */,
				C73BBFA829C8E76A002C6A86 /* Frameworks */,
				C73BBFA929C8E76A002C6A86 /* Resources */,
			);
			buildRules = (
			);
			dependencies = (
			);
			name = SwiftySwift;
			packageProductDependencies = (
				C7AF157429DFA71F000FE195 /* CodeScanner */,
			);
			productName = SwiftySwift;
			productReference = C73BBFAB29C8E76A002C6A86 /* SwiftySwift.app */;
			productType = "com.apple.product-type.application";
		};
		C73BBFC429C8E76D002C6A86 /* SwiftySwiftUITests */ = {
			isa = PBXNativeTarget;
			buildConfigurationList = C73BBFD529C8E76D002C6A86 /* Build configuration list for PBXNativeTarget "SwiftySwiftUITests" */;
			buildPhases = (
				C73BBFC129C8E76D002C6A86 /* Sources */,
				C73BBFC229C8E76D002C6A86 /* Frameworks */,
				C73BBFC329C8E76D002C6A86 /* Resources */,
			);
			buildRules = (
			);
			dependencies = (
				C73BBFC729C8E76D002C6A86 /* PBXTargetDependency */,
			);
			name = SwiftySwiftUITests;
			packageProductDependencies = (
			);
			productName = SwiftySwiftUITests;
			productReference = C73BBFC529C8E76D002C6A86 /* SwiftySwiftUITests.xctest */;
			productType = "com.apple.product-type.bundle.ui-testing";
		};
		C77991EB29E21EC800216411 /* SwiftySwiftUnitTests */ = {
			isa = PBXNativeTarget;
			buildConfigurationList = C77991F229E21EC800216411 /* Build configuration list for PBXNativeTarget "SwiftySwiftUnitTests" */;
			buildPhases = (
				C77991E829E21EC800216411 /* Sources */,
				C77991E929E21EC800216411 /* Frameworks */,
				C77991EA29E21EC800216411 /* Resources */,
			);
			buildRules = (
			);
			dependencies = (
				C77991F129E21EC800216411 /* PBXTargetDependency */,
			);
			name = SwiftySwiftUnitTests;
			packageProductDependencies = (
				C77991F629E21EED00216411 /* ViewInspector */,
			);
			productName = SwiftySwiftUnitTests;
			productReference = C77991EC29E21EC800216411 /* SwiftySwiftUnitTests.xctest */;
			productType = "com.apple.product-type.bundle.unit-test";
		};
/* End PBXNativeTarget section */

/* Begin PBXProject section */
		C73BBFA329C8E76A002C6A86 /* Project object */ = {
			isa = PBXProject;
			attributes = {
				BuildIndependentTargetsInParallel = 1;
				LastSwiftUpdateCheck = 1430;
				LastUpgradeCheck = 1420;
				TargetAttributes = {
					C73BBFAA29C8E76A002C6A86 = {
						CreatedOnToolsVersion = 14.2;
					};
					C73BBFC429C8E76D002C6A86 = {
						CreatedOnToolsVersion = 14.2;
						TestTargetID = C73BBFAA29C8E76A002C6A86;
					};
					C77991EB29E21EC800216411 = {
						CreatedOnToolsVersion = 14.3;
						TestTargetID = C73BBFAA29C8E76A002C6A86;
					};
				};
			};
			buildConfigurationList = C73BBFA629C8E76A002C6A86 /* Build configuration list for PBXProject "SwiftySwift" */;
			compatibilityVersion = "Xcode 14.0";
			developmentRegion = en;
			hasScannedForEncodings = 0;
			knownRegions = (
				en,
				Base,
			);
			mainGroup = C73BBFA229C8E76A002C6A86;
			packageReferences = (
				C7AF157329DFA71F000FE195 /* XCRemoteSwiftPackageReference "CodeScanner" */,
				C77991F529E21EED00216411 /* XCRemoteSwiftPackageReference "ViewInspector" */,
			);
			productRefGroup = C73BBFAC29C8E76A002C6A86 /* Products */;
			projectDirPath = "";
			projectRoot = "";
			targets = (
				C73BBFAA29C8E76A002C6A86 /* SwiftySwift */,
				C73BBFC429C8E76D002C6A86 /* SwiftySwiftUITests */,
				C77991EB29E21EC800216411 /* SwiftySwiftUnitTests */,
			);
		};
/* End PBXProject section */

/* Begin PBXResourcesBuildPhase section */
		C73BBFA929C8E76A002C6A86 /* Resources */ = {
			isa = PBXResourcesBuildPhase;
			buildActionMask = 2147483647;
			files = (
				C77991C129E1065100216411 /* resorts.json in Resources */,
				C7FEB63929D4B1860033DA2B /* BetterRest.csv in Resources */,
				C73BBFB629C8E76C002C6A86 /* Preview Assets.xcassets in Resources */,
				C7FEB63529D4B1650033DA2B /* start.txt in Resources */,
				C7AE553F29D7399E00D5F5A1 /* astronauts.json in Resources */,
				C7AE554029D7399E00D5F5A1 /* missions.json in Resources */,
				C73BBFB329C8E76C002C6A86 /* Assets.xcassets in Resources */,
			);
			runOnlyForDeploymentPostprocessing = 0;
		};
		C73BBFC329C8E76D002C6A86 /* Resources */ = {
			isa = PBXResourcesBuildPhase;
			buildActionMask = 2147483647;
			files = (
			);
			runOnlyForDeploymentPostprocessing = 0;
		};
		C77991EA29E21EC800216411 /* Resources */ = {
			isa = PBXResourcesBuildPhase;
			buildActionMask = 2147483647;
			files = (
			);
			runOnlyForDeploymentPostprocessing = 0;
		};
/* End PBXResourcesBuildPhase section */

/* Begin PBXShellScriptBuildPhase section */
		C732B8FE29DCD9930042B318 /* ShellScript */ = {
			isa = PBXShellScriptBuildPhase;
			buildActionMask = 12;
			files = (
			);
			inputFileListPaths = (
			);
			inputPaths = (
			);
			outputFileListPaths = (
			);
			outputPaths = (
			);
			runOnlyForDeploymentPostprocessing = 0;
			shellPath = /bin/sh;
			shellScript = "# Type a script or drag a script file from your workspace to insert its path.\necho \"Hello Hello\"\n\nmkdir \"${SRCROOT}/Pods\"\nmkdir \"${SRCROOT}/Pods/aTest\"\nrm -rf \"${SRCROOT}/Pods/GoogleDataTransport\"\nmkdir \"${SRCROOT}/Pods/GoogleDataTransport\"\n\necho \"GoogleDataTransport Replaced!\"\n\n";
		};
/* End PBXShellScriptBuildPhase section */

/* Begin PBXSourcesBuildPhase section */
		C73BBFA729C8E76A002C6A86 /* Sources */ = {
			isa = PBXSourcesBuildPhase;
			buildActionMask = 2147483647;
			files = (
				C78D5A0A29D66698005DE528 /* AddView.swift in Sources */,
				C7AE556E29DA6DAB00D5F5A1 /* Singer+CoreDataProperties.swift in Sources */,
				C7AE558929DB8C4400D5F5A1 /* BucketList.swift in Sources */,
				C77991C729E10BC100216411 /* ResortView.swift in Sources */,
				C7AE555B29D9BBB800D5F5A1 /* Bookworm.xcdatamodeld in Sources */,
				C78D5A0D29D67F40005DE528 /* Moonshot.swift in Sources */,
				C77991C529E10A0C00216411 /* WelcomeView.swift in Sources */,
				C7AE556129D9C83E00D5F5A1 /* RatingView.swift in Sources */,
				C77991C329E106A300216411 /* Resort.swift in Sources */,
				C7AE559129DBD4CF00D5F5A1 /* Result.swift in Sources */,
				C7AF157C29E06A5D000FE195 /* CardView.swift in Sources */,
				C7AE555F29D9C19A00D5F5A1 /* AddBookView.swift in Sources */,
				C7AE557229DA6E5B00D5F5A1 /* FilteredList.swift in Sources */,
				C7AE558529DB741300D5F5A1 /* ImageSaver.swift in Sources */,
				C77991BC29E0867100216411 /* LayoutAndGeometry.swift in Sources */,
				C7AE555529D9089400D5F5A1 /* CheckoutView.swift in Sources */,
				C7AE556A29DA608200D5F5A1 /* Movie+CoreDataProperties.swift in Sources */,
				C7AE556D29DA6DAB00D5F5A1 /* Singer+CoreDataClass.swift in Sources */,
				C7FEB63F29D4D9F10033DA2B /* iExpense.swift in Sources */,
				C7AE558B29DBD0A100D5F5A1 /* Location.swift in Sources */,
				C7AE559529DBD77300D5F5A1 /* FileManager-DocumentsDirectory.swift in Sources */,
				C7FEB62329D366C70033DA2B /* WeSplit.swift in Sources */,
				C7AE555329D907EA00D5F5A1 /* AddressView.swift in Sources */,
				C77991CD29E10EF700216411 /* Facility.swift in Sources */,
				C77991BF29E1064000216411 /* SnowSeeker.swift in Sources */,
				C7AE555829D9292F00D5F5A1 /* Bookworm.swift in Sources */,
				C7AF157829DFC362000FE195 /* Flashzilla.swift in Sources */,
				C78D5A0729D6629C005DE528 /* Expenses.swift in Sources */,
				C7AE554629D73DFA00D5F5A1 /* Mission.swift in Sources */,
				C7AF157A29E06A44000FE195 /* Card.swift in Sources */,
				C732B90229DE1D220042B318 /* HotProspects.swift in Sources */,
				C7AE554C29D756F800D5F5A1 /* AstronautView.swift in Sources */,
				C7AE554429D73A9D00D5F5A1 /* Bundle-Decodable.swift in Sources */,
				C77991DA29E20BB900216411 /* SampleUIView.swift in Sources */,
				C7FEB62729D3805C0033DA2B /* PracticeUI.swift in Sources */,
				C7AE557829DA73BC00D5F5A1 /* Country+CoreDataProperties.swift in Sources */,
				C732B90629DF368E0042B318 /* MeView.swift in Sources */,
				C7AE554A29D74E8300D5F5A1 /* MissionView.swift in Sources */,
				C7FEB62929D390C80033DA2B /* ViewsAndModifiers.swift in Sources */,
				C7AE559329DBD61100D5F5A1 /* BucketList-ViewModel.swift in Sources */,
				C73BBFAF29C8E76A002C6A86 /* SwiftySwiftApp.swift in Sources */,
				C7FEB62B29D4904F0033DA2B /* BetterRest.swift in Sources */,
				C78D5A0529D66253005DE528 /* ExpenseItem.swift in Sources */,
				C7AE557929DA73BC00D5F5A1 /* Candy+CoreDataClass.swift in Sources */,
				C7AE554829D7442C00D5F5A1 /* Color-Theme.swift in Sources */,
				C7AE556329D9E38F00D5F5A1 /* EmojiRatingView.swift in Sources */,
				C7AE554229D73A2500D5F5A1 /* Astronaut.swift in Sources */,
				C7AE558329DB490300D5F5A1 /* ImagePicker.swift in Sources */,
				C7AE555D29D9BC1200D5F5A1 /* DataController.swift in Sources */,
				C7AE556529D9E60A00D5F5A1 /* DetailView.swift in Sources */,
				C732B90429DF36890042B318 /* ProspectsView.swift in Sources */,
				C77991CF29E1103400216411 /* Favorites.swift in Sources */,
				C7AE554F29D778FF00D5F5A1 /* CupcakeCorner.swift in Sources */,
				C732B90829DF387C0042B318 /* Prospect.swift in Sources */,
				C7FEB63B29D4D6390033DA2B /* Animations.swift in Sources */,
				C7AE557729DA73BC00D5F5A1 /* Country+CoreDataClass.swift in Sources */,
				C7AF157E29E0750F000FE195 /* EditCards.swift in Sources */,
				C77991CB29E10C6C00216411 /* ResortDetailsView.swift in Sources */,
				C77991C929E10C2400216411 /* SkiDetailsView.swift in Sources */,
				C7FEB62529D367980033DA2B /* GuessTheFlag.swift in Sources */,
				C7AE555129D8A5E300D5F5A1 /* Order.swift in Sources */,
				C7FEB63829D4B1860033DA2B /* SleepCalculator.mlmodel in Sources */,
				C7AE557A29DA73BC00D5F5A1 /* Candy+CoreDataProperties.swift in Sources */,
				C7AE558F29DBD26200D5F5A1 /* EditView.swift in Sources */,
				C7AE558129DA7D9400D5F5A1 /* Instafilter.swift in Sources */,
				C7AE556929DA608200D5F5A1 /* Movie+CoreDataClass.swift in Sources */,
				C7FEB63129D4A03E0033DA2B /* WordScramble.swift in Sources */,
			);
			runOnlyForDeploymentPostprocessing = 0;
		};
		C73BBFC129C8E76D002C6A86 /* Sources */ = {
			isa = PBXSourcesBuildPhase;
			buildActionMask = 2147483647;
			files = (
				C77991F929E2239400216411 /* SampleUIView.swift in Sources */,
				C73BBFCC29C8E76D002C6A86 /* SwiftySwiftUITestsLaunchTests.swift in Sources */,
				C77991D729E1FB4C00216411 /* BetterRestUITests.swift in Sources */,
				C73BBFCA29C8E76D002C6A86 /* SwiftySwiftUITests.swift in Sources */,
			);
			runOnlyForDeploymentPostprocessing = 0;
		};
		C77991E829E21EC800216411 /* Sources */ = {
			isa = PBXSourcesBuildPhase;
			buildActionMask = 2147483647;
			files = (
				C77991FE29E2290800216411 /* SampleUIViewTests.swift in Sources */,
				C77991F829E2239400216411 /* SampleUIView.swift in Sources */,
				C77991EF29E21EC800216411 /* SwiftySwiftUnitTests.swift in Sources */,
			);
			runOnlyForDeploymentPostprocessing = 0;
		};
/* End PBXSourcesBuildPhase section */

/* Begin PBXTargetDependency section */
		C73BBFC729C8E76D002C6A86 /* PBXTargetDependency */ = {
			isa = PBXTargetDependency;
			target = C73BBFAA29C8E76A002C6A86 /* SwiftySwift */;
			targetProxy = C73BBFC629C8E76D002C6A86 /* PBXContainerItemProxy */;
		};
		C77991F129E21EC800216411 /* PBXTargetDependency */ = {
			isa = PBXTargetDependency;
			target = C73BBFAA29C8E76A002C6A86 /* SwiftySwift */;
			targetProxy = C77991F029E21EC800216411 /* PBXContainerItemProxy */;
		};
/* End PBXTargetDependency section */

/* Begin XCBuildConfiguration section */
		C73BBFCD29C8E76D002C6A86 /* Debug */ = {
			isa = XCBuildConfiguration;
			buildSettings = {
				ALWAYS_SEARCH_USER_PATHS = NO;
				CLANG_ANALYZER_NONNULL = YES;
				CLANG_ANALYZER_NUMBER_OBJECT_CONVERSION = YES_AGGRESSIVE;
				CLANG_CXX_LANGUAGE_STANDARD = "gnu++20";
				CLANG_ENABLE_MODULES = YES;
				CLANG_ENABLE_OBJC_ARC = YES;
				CLANG_ENABLE_OBJC_WEAK = YES;
				CLANG_WARN_BLOCK_CAPTURE_AUTORELEASING = YES;
				CLANG_WARN_BOOL_CONVERSION = YES;
				CLANG_WARN_COMMA = YES;
				CLANG_WARN_CONSTANT_CONVERSION = YES;
				CLANG_WARN_DEPRECATED_OBJC_IMPLEMENTATIONS = YES;
				CLANG_WARN_DIRECT_OBJC_ISA_USAGE = YES_ERROR;
				CLANG_WARN_DOCUMENTATION_COMMENTS = YES;
				CLANG_WARN_EMPTY_BODY = YES;
				CLANG_WARN_ENUM_CONVERSION = YES;
				CLANG_WARN_INFINITE_RECURSION = YES;
				CLANG_WARN_INT_CONVERSION = YES;
				CLANG_WARN_NON_LITERAL_NULL_CONVERSION = YES;
				CLANG_WARN_OBJC_IMPLICIT_RETAIN_SELF = YES;
				CLANG_WARN_OBJC_LITERAL_CONVERSION = YES;
				CLANG_WARN_OBJC_ROOT_CLASS = YES_ERROR;
				CLANG_WARN_QUOTED_INCLUDE_IN_FRAMEWORK_HEADER = YES;
				CLANG_WARN_RANGE_LOOP_ANALYSIS = YES;
				CLANG_WARN_STRICT_PROTOTYPES = YES;
				CLANG_WARN_SUSPICIOUS_MOVE = YES;
				CLANG_WARN_UNGUARDED_AVAILABILITY = YES_AGGRESSIVE;
				CLANG_WARN_UNREACHABLE_CODE = YES;
				CLANG_WARN__DUPLICATE_METHOD_MATCH = YES;
				COPY_PHASE_STRIP = NO;
				DEBUG_INFORMATION_FORMAT = dwarf;
				ENABLE_STRICT_OBJC_MSGSEND = YES;
				ENABLE_TESTABILITY = YES;
				GCC_C_LANGUAGE_STANDARD = gnu11;
				GCC_DYNAMIC_NO_PIC = NO;
				GCC_NO_COMMON_BLOCKS = YES;
				GCC_OPTIMIZATION_LEVEL = 0;
				GCC_PREPROCESSOR_DEFINITIONS = (
					"DEBUG=1",
					"$(inherited)",
				);
				GCC_WARN_64_TO_32_BIT_CONVERSION = YES;
				GCC_WARN_ABOUT_RETURN_TYPE = YES_ERROR;
				GCC_WARN_UNDECLARED_SELECTOR = YES;
				GCC_WARN_UNINITIALIZED_AUTOS = YES_AGGRESSIVE;
				GCC_WARN_UNUSED_FUNCTION = YES;
				GCC_WARN_UNUSED_VARIABLE = YES;
				IPHONEOS_DEPLOYMENT_TARGET = 16.2;
				MTL_ENABLE_DEBUG_INFO = INCLUDE_SOURCE;
				MTL_FAST_MATH = YES;
				ONLY_ACTIVE_ARCH = YES;
				SDKROOT = iphoneos;
				SWIFT_ACTIVE_COMPILATION_CONDITIONS = DEBUG;
				SWIFT_OPTIMIZATION_LEVEL = "-Onone";
			};
			name = Debug;
		};
		C73BBFCE29C8E76D002C6A86 /* Release */ = {
			isa = XCBuildConfiguration;
			buildSettings = {
				ALWAYS_SEARCH_USER_PATHS = NO;
				CLANG_ANALYZER_NONNULL = YES;
				CLANG_ANALYZER_NUMBER_OBJECT_CONVERSION = YES_AGGRESSIVE;
				CLANG_CXX_LANGUAGE_STANDARD = "gnu++20";
				CLANG_ENABLE_MODULES = YES;
				CLANG_ENABLE_OBJC_ARC = YES;
				CLANG_ENABLE_OBJC_WEAK = YES;
				CLANG_WARN_BLOCK_CAPTURE_AUTORELEASING = YES;
				CLANG_WARN_BOOL_CONVERSION = YES;
				CLANG_WARN_COMMA = YES;
				CLANG_WARN_CONSTANT_CONVERSION = YES;
				CLANG_WARN_DEPRECATED_OBJC_IMPLEMENTATIONS = YES;
				CLANG_WARN_DIRECT_OBJC_ISA_USAGE = YES_ERROR;
				CLANG_WARN_DOCUMENTATION_COMMENTS = YES;
				CLANG_WARN_EMPTY_BODY = YES;
				CLANG_WARN_ENUM_CONVERSION = YES;
				CLANG_WARN_INFINITE_RECURSION = YES;
				CLANG_WARN_INT_CONVERSION = YES;
				CLANG_WARN_NON_LITERAL_NULL_CONVERSION = YES;
				CLANG_WARN_OBJC_IMPLICIT_RETAIN_SELF = YES;
				CLANG_WARN_OBJC_LITERAL_CONVERSION = YES;
				CLANG_WARN_OBJC_ROOT_CLASS = YES_ERROR;
				CLANG_WARN_QUOTED_INCLUDE_IN_FRAMEWORK_HEADER = YES;
				CLANG_WARN_RANGE_LOOP_ANALYSIS = YES;
				CLANG_WARN_STRICT_PROTOTYPES = YES;
				CLANG_WARN_SUSPICIOUS_MOVE = YES;
				CLANG_WARN_UNGUARDED_AVAILABILITY = YES_AGGRESSIVE;
				CLANG_WARN_UNREACHABLE_CODE = YES;
				CLANG_WARN__DUPLICATE_METHOD_MATCH = YES;
				COPY_PHASE_STRIP = NO;
				DEBUG_INFORMATION_FORMAT = "dwarf-with-dsym";
				ENABLE_NS_ASSERTIONS = NO;
				ENABLE_STRICT_OBJC_MSGSEND = YES;
				GCC_C_LANGUAGE_STANDARD = gnu11;
				GCC_NO_COMMON_BLOCKS = YES;
				GCC_WARN_64_TO_32_BIT_CONVERSION = YES;
				GCC_WARN_ABOUT_RETURN_TYPE = YES_ERROR;
				GCC_WARN_UNDECLARED_SELECTOR = YES;
				GCC_WARN_UNINITIALIZED_AUTOS = YES_AGGRESSIVE;
				GCC_WARN_UNUSED_FUNCTION = YES;
				GCC_WARN_UNUSED_VARIABLE = YES;
				IPHONEOS_DEPLOYMENT_TARGET = 16.2;
				MTL_ENABLE_DEBUG_INFO = NO;
				MTL_FAST_MATH = YES;
				SDKROOT = iphoneos;
				SWIFT_COMPILATION_MODE = wholemodule;
				SWIFT_OPTIMIZATION_LEVEL = "-O";
				VALIDATE_PRODUCT = YES;
			};
			name = Release;
		};
		C73BBFD029C8E76D002C6A86 /* Debug */ = {
			isa = XCBuildConfiguration;
			buildSettings = {
				ASSETCATALOG_COMPILER_APPICON_NAME = AppIcon;
				ASSETCATALOG_COMPILER_GLOBAL_ACCENT_COLOR_NAME = AccentColor;
				CODE_SIGN_STYLE = Automatic;
				CURRENT_PROJECT_VERSION = 1;
				DEVELOPMENT_ASSET_PATHS = "\"SwiftySwift/Preview Content\"";
				DEVELOPMENT_TEAM = 66839FZD6Z;
				ENABLE_PREVIEWS = YES;
				GENERATE_INFOPLIST_FILE = YES;
				INFOPLIST_FILE = SwiftySwift/Info.plist;
				INFOPLIST_KEY_NSCameraUsageDescription = "Scan QR code";
				INFOPLIST_KEY_NSFaceIDUsageDescription = "Hello Face ID";
				INFOPLIST_KEY_NSPhotoLibraryAddUsageDescription = "Hola Photos";
				INFOPLIST_KEY_UIApplicationSceneManifest_Generation = YES;
				INFOPLIST_KEY_UIApplicationSupportsIndirectInputEvents = YES;
				INFOPLIST_KEY_UILaunchScreen_Generation = YES;
				INFOPLIST_KEY_UISupportedInterfaceOrientations_iPad = "UIInterfaceOrientationPortrait UIInterfaceOrientationPortraitUpsideDown UIInterfaceOrientationLandscapeLeft UIInterfaceOrientationLandscapeRight";
				INFOPLIST_KEY_UISupportedInterfaceOrientations_iPhone = "UIInterfaceOrientationPortrait UIInterfaceOrientationLandscapeLeft UIInterfaceOrientationLandscapeRight";
				IPHONEOS_DEPLOYMENT_TARGET = 15.4;
				LD_RUNPATH_SEARCH_PATHS = (
					"$(inherited)",
					"@executable_path/Frameworks",
				);
				MARKETING_VERSION = 1.0;
				PRODUCT_BUNDLE_IDENTIFIER = com.test.swiftui.SwiftySwift;
				PRODUCT_NAME = "$(TARGET_NAME)";
				SWIFT_EMIT_LOC_STRINGS = YES;
				SWIFT_VERSION = 5.0;
				TARGETED_DEVICE_FAMILY = "1,2";
			};
			name = Debug;
		};
		C73BBFD129C8E76D002C6A86 /* Release */ = {
			isa = XCBuildConfiguration;
			buildSettings = {
				ASSETCATALOG_COMPILER_APPICON_NAME = AppIcon;
				ASSETCATALOG_COMPILER_GLOBAL_ACCENT_COLOR_NAME = AccentColor;
				CODE_SIGN_STYLE = Automatic;
				CURRENT_PROJECT_VERSION = 1;
				DEVELOPMENT_ASSET_PATHS = "\"SwiftySwift/Preview Content\"";
				DEVELOPMENT_TEAM = 66839FZD6Z;
				ENABLE_PREVIEWS = YES;
				GENERATE_INFOPLIST_FILE = YES;
				INFOPLIST_FILE = SwiftySwift/Info.plist;
				INFOPLIST_KEY_NSCameraUsageDescription = "Scan QR code";
				INFOPLIST_KEY_NSFaceIDUsageDescription = "Hello Face ID";
				INFOPLIST_KEY_NSPhotoLibraryAddUsageDescription = "Hola Photos";
				INFOPLIST_KEY_UIApplicationSceneManifest_Generation = YES;
				INFOPLIST_KEY_UIApplicationSupportsIndirectInputEvents = YES;
				INFOPLIST_KEY_UILaunchScreen_Generation = YES;
				INFOPLIST_KEY_UISupportedInterfaceOrientations_iPad = "UIInterfaceOrientationPortrait UIInterfaceOrientationPortraitUpsideDown UIInterfaceOrientationLandscapeLeft UIInterfaceOrientationLandscapeRight";
				INFOPLIST_KEY_UISupportedInterfaceOrientations_iPhone = "UIInterfaceOrientationPortrait UIInterfaceOrientationLandscapeLeft UIInterfaceOrientationLandscapeRight";
				IPHONEOS_DEPLOYMENT_TARGET = 15.4;
				LD_RUNPATH_SEARCH_PATHS = (
					"$(inherited)",
					"@executable_path/Frameworks",
				);
				MARKETING_VERSION = 1.0;
				PRODUCT_BUNDLE_IDENTIFIER = com.test.swiftui.SwiftySwift;
				PRODUCT_NAME = "$(TARGET_NAME)";
				SWIFT_EMIT_LOC_STRINGS = YES;
				SWIFT_VERSION = 5.0;
				TARGETED_DEVICE_FAMILY = "1,2";
			};
			name = Release;
		};
		C73BBFD629C8E76D002C6A86 /* Debug */ = {
			isa = XCBuildConfiguration;
			buildSettings = {
				ALWAYS_EMBED_SWIFT_STANDARD_LIBRARIES = YES;
				CODE_SIGN_STYLE = Automatic;
				CURRENT_PROJECT_VERSION = 1;
				DEVELOPMENT_TEAM = 66839FZD6Z;
				GENERATE_INFOPLIST_FILE = YES;
				MARKETING_VERSION = 1.0;
				PRODUCT_BUNDLE_IDENTIFIER = com.test.swiftui.SwiftySwiftUITests;
				PRODUCT_NAME = "$(TARGET_NAME)";
				SWIFT_EMIT_LOC_STRINGS = NO;
				SWIFT_VERSION = 5.0;
				TARGETED_DEVICE_FAMILY = "1,2";
				TEST_TARGET_NAME = SwiftySwift;
			};
			name = Debug;
		};
		C73BBFD729C8E76D002C6A86 /* Release */ = {
			isa = XCBuildConfiguration;
			buildSettings = {
				ALWAYS_EMBED_SWIFT_STANDARD_LIBRARIES = YES;
				CODE_SIGN_STYLE = Automatic;
				CURRENT_PROJECT_VERSION = 1;
				DEVELOPMENT_TEAM = 66839FZD6Z;
				GENERATE_INFOPLIST_FILE = YES;
				MARKETING_VERSION = 1.0;
				PRODUCT_BUNDLE_IDENTIFIER = com.test.swiftui.SwiftySwiftUITests;
				PRODUCT_NAME = "$(TARGET_NAME)";
				SWIFT_EMIT_LOC_STRINGS = NO;
				SWIFT_VERSION = 5.0;
				TARGETED_DEVICE_FAMILY = "1,2";
				TEST_TARGET_NAME = SwiftySwift;
			};
			name = Release;
		};
		C77991F329E21EC800216411 /* Debug */ = {
			isa = XCBuildConfiguration;
			buildSettings = {
				BUNDLE_LOADER = "$(TEST_HOST)";
				CODE_SIGN_STYLE = Automatic;
				CURRENT_PROJECT_VERSION = 1;
				DEVELOPMENT_TEAM = 66839FZD6Z;
				GENERATE_INFOPLIST_FILE = YES;
				IPHONEOS_DEPLOYMENT_TARGET = 16.4;
				MARKETING_VERSION = 1.0;
				PRODUCT_BUNDLE_IDENTIFIER = com.test.swiftui.SwiftySwiftUnitTests;
				PRODUCT_NAME = "$(TARGET_NAME)";
				SWIFT_EMIT_LOC_STRINGS = NO;
				SWIFT_VERSION = 5.0;
				TARGETED_DEVICE_FAMILY = "1,2";
				TEST_HOST = "$(BUILT_PRODUCTS_DIR)/SwiftySwift.app/$(BUNDLE_EXECUTABLE_FOLDER_PATH)/SwiftySwift";
			};
			name = Debug;
		};
		C77991F429E21EC800216411 /* Release */ = {
			isa = XCBuildConfiguration;
			buildSettings = {
				BUNDLE_LOADER = "$(TEST_HOST)";
				CODE_SIGN_STYLE = Automatic;
				CURRENT_PROJECT_VERSION = 1;
				DEVELOPMENT_TEAM = 66839FZD6Z;
				GENERATE_INFOPLIST_FILE = YES;
				IPHONEOS_DEPLOYMENT_TARGET = 16.4;
				MARKETING_VERSION = 1.0;
				PRODUCT_BUNDLE_IDENTIFIER = com.test.swiftui.SwiftySwiftUnitTests;
				PRODUCT_NAME = "$(TARGET_NAME)";
				SWIFT_EMIT_LOC_STRINGS = NO;
				SWIFT_VERSION = 5.0;
				TARGETED_DEVICE_FAMILY = "1,2";
				TEST_HOST = "$(BUILT_PRODUCTS_DIR)/SwiftySwift.app/$(BUNDLE_EXECUTABLE_FOLDER_PATH)/SwiftySwift";
			};
			name = Release;
		};
/* End XCBuildConfiguration section */

/* Begin XCConfigurationList section */
		C73BBFA629C8E76A002C6A86 /* Build configuration list for PBXProject "SwiftySwift" */ = {
			isa = XCConfigurationList;
			buildConfigurations = (
				C73BBFCD29C8E76D002C6A86 /* Debug */,
				C73BBFCE29C8E76D002C6A86 /* Release */,
			);
			defaultConfigurationIsVisible = 0;
			defaultConfigurationName = Release;
		};
		C73BBFCF29C8E76D002C6A86 /* Build configuration list for PBXNativeTarget "SwiftySwift" */ = {
			isa = XCConfigurationList;
			buildConfigurations = (
				C73BBFD029C8E76D002C6A86 /* Debug */,
				C73BBFD129C8E76D002C6A86 /* Release */,
			);
			defaultConfigurationIsVisible = 0;
			defaultConfigurationName = Release;
		};
		C73BBFD529C8E76D002C6A86 /* Build configuration list for PBXNativeTarget "SwiftySwiftUITests" */ = {
			isa = XCConfigurationList;
			buildConfigurations = (
				C73BBFD629C8E76D002C6A86 /* Debug */,
				C73BBFD729C8E76D002C6A86 /* Release */,
			);
			defaultConfigurationIsVisible = 0;
			defaultConfigurationName = Release;
		};
		C77991F229E21EC800216411 /* Build configuration list for PBXNativeTarget "SwiftySwiftUnitTests" */ = {
			isa = XCConfigurationList;
			buildConfigurations = (
				C77991F329E21EC800216411 /* Debug */,
				C77991F429E21EC800216411 /* Release */,
			);
			defaultConfigurationIsVisible = 0;
			defaultConfigurationName = Release;
		};
/* End XCConfigurationList section */

/* Begin XCRemoteSwiftPackageReference section */
		C77991F529E21EED00216411 /* XCRemoteSwiftPackageReference "ViewInspector" */ = {
			isa = XCRemoteSwiftPackageReference;
			repositoryURL = "https://github.com/nalexn/ViewInspector";
			requirement = {
				kind = upToNextMajorVersion;
				minimumVersion = 0.9.5;
			};
		};
		C7AF157329DFA71F000FE195 /* XCRemoteSwiftPackageReference "CodeScanner" */ = {
			isa = XCRemoteSwiftPackageReference;
			repositoryURL = "https://github.com/twostraws/CodeScanner";
			requirement = {
				kind = upToNextMajorVersion;
				minimumVersion = 2.0.0;
			};
		};
/* End XCRemoteSwiftPackageReference section */

/* Begin XCSwiftPackageProductDependency section */
		C77991F629E21EED00216411 /* ViewInspector */ = {
			isa = XCSwiftPackageProductDependency;
			package = C77991F529E21EED00216411 /* XCRemoteSwiftPackageReference "ViewInspector" */;
			productName = ViewInspector;
		};
		C7AF157429DFA71F000FE195 /* CodeScanner */ = {
			isa = XCSwiftPackageProductDependency;
			package = C7AF157329DFA71F000FE195 /* XCRemoteSwiftPackageReference "CodeScanner" */;
			productName = CodeScanner;
		};
/* End XCSwiftPackageProductDependency section */

/* Begin XCVersionGroup section */
		C7AE555929D9BBB800D5F5A1 /* Bookworm.xcdatamodeld */ = {
			isa = XCVersionGroup;
			children = (
				C7AE555A29D9BBB800D5F5A1 /* Bookworm.xcdatamodel */,
			);
			currentVersion = C7AE555A29D9BBB800D5F5A1 /* Bookworm.xcdatamodel */;
			path = Bookworm.xcdatamodeld;
			sourceTree = "<group>";
			versionGroupType = wrapper.xcdatamodel;
		};
/* End XCVersionGroup section */
	};
	rootObject = C73BBFA329C8E76A002C6A86 /* Project object */;
}
